{
  "lockfileVersion": 1,
  "workspaces": {
    "": {
      "name": "wealth-machine-api",
      "dependencies": {
        "@anthropic-ai/sdk": "^0.32.1",
        "@hono/swagger-ui": "^0.5.0",
        "@hono/zod-openapi": "^0.18.2",
        "@hono/zod-validator": "^0.1.11",
        "@supabase/supabase-js": "^2.39.1",
        "@types/ioredis": "^4.28.10",
        "@types/jsonwebtoken": "^9.0.7",
        "@types/markdown-it": "^14.1.2",
        "date-fns": "^4.1.0",
        "dotenv": "^16.4.5",
        "gray-matter": "^4.0.3",
        "hono": "^3.11.11",
        "ioredis": "^5.4.1",
        "jsonwebtoken": "^9.0.2",
        "markdown-it": "^14.1.0",
        "nodemailer": "^6.9.16",
        "openai": "^4.73.1",
        "zod": "^3.23.8",
      },
      "devDependencies": {
        "@types/dotenv": "^6.1.1",
        "@types/node": "^20.10.5",
        "@types/nodemailer": "^6.4.17",
        "@typescript-eslint/eslint-plugin": "^6.15.0",
        "@typescript-eslint/parser": "^6.15.0",
        "bun-types": "latest",
        "eslint": "^8.56.0",
        "eslint-config-prettier": "^9.1.0",
        "eslint-plugin-prettier": "^5.1.2",
        "prettier": "^3.1.1",
        "typescript": "^5.3.3",
      },
    },
  },
  "packages": {
    "@anthropic-ai/sdk": ["@anthropic-ai/sdk@0.32.1", "", { "dependencies": { "@types/node": "^18.11.18", "@types/node-fetch": "^2.6.4", "abort-controller": "^3.0.0", "agentkeepalive": "^4.2.1", "form-data-encoder": "1.7.2", "formdata-node": "^4.3.2", "node-fetch": "^2.6.7" } }, ""],

    "@asteasolutions/zod-to-openapi": ["@asteasolutions/zod-to-openapi@7.2.0", "", { "dependencies": { "openapi3-ts": "^4.1.2" }, "peerDependencies": { "zod": "^3.20.2" } }, ""],

    "@eslint-community/eslint-utils": ["@eslint-community/eslint-utils@4.4.1", "", { "dependencies": { "eslint-visitor-keys": "^3.4.3" }, "peerDependencies": { "eslint": "^6.0.0 || ^7.0.0 || >=8.0.0" } }, ""],

    "@eslint-community/regexpp": ["@eslint-community/regexpp@4.12.1", "", {}, ""],

    "@eslint/eslintrc": ["@eslint/eslintrc@2.1.4", "", { "dependencies": { "ajv": "^6.12.4", "debug": "^4.3.2", "espree": "^9.6.0", "globals": "^13.19.0", "ignore": "^5.2.0", "import-fresh": "^3.2.1", "js-yaml": "^4.1.0", "minimatch": "^3.1.2", "strip-json-comments": "^3.1.1" } }, ""],

    "@eslint/js": ["@eslint/js@8.57.1", "", {}, ""],

    "@hono/swagger-ui": ["@hono/swagger-ui@0.5.0", "", { "peerDependencies": { "hono": "*" } }, ""],

    "@hono/zod-openapi": ["@hono/zod-openapi@0.18.3", "", { "dependencies": { "@asteasolutions/zod-to-openapi": "^7.1.0", "@hono/zod-validator": "^0.4.1" }, "peerDependencies": { "hono": ">=4.3.6", "zod": "3.*" } }, ""],

    "@hono/zod-validator": ["@hono/zod-validator@0.1.11", "", { "peerDependencies": { "hono": ">=3.9.0", "zod": "^3.19.1" } }, ""],

    "@humanwhocodes/config-array": ["@humanwhocodes/config-array@0.13.0", "", { "dependencies": { "@humanwhocodes/object-schema": "^2.0.3", "debug": "^4.3.1", "minimatch": "^3.0.5" } }, ""],

    "@humanwhocodes/module-importer": ["@humanwhocodes/module-importer@1.0.1", "", {}, ""],

    "@humanwhocodes/object-schema": ["@humanwhocodes/object-schema@2.0.3", "", {}, ""],

    "@ioredis/commands": ["@ioredis/commands@1.2.0", "", {}, "sha512-Sx1pU8EM64o2BrqNpEO1CNLtKQwyhuXuqyfH7oGKCk+1a33d2r5saW8zNwm3j6BTExtjrv2BxTgzzkMwts6vGg=="],

    "@nodelib/fs.scandir": ["@nodelib/fs.scandir@2.1.5", "", { "dependencies": { "@nodelib/fs.stat": "2.0.5", "run-parallel": "^1.1.9" } }, ""],

    "@nodelib/fs.stat": ["@nodelib/fs.stat@2.0.5", "", {}, ""],

    "@nodelib/fs.walk": ["@nodelib/fs.walk@1.2.8", "", { "dependencies": { "@nodelib/fs.scandir": "2.1.5", "fastq": "^1.6.0" } }, ""],

    "@pkgr/core": ["@pkgr/core@0.1.1", "", {}, ""],

    "@supabase/auth-js": ["@supabase/auth-js@2.65.1", "", { "dependencies": { "@supabase/node-fetch": "^2.6.14" } }, ""],

    "@supabase/functions-js": ["@supabase/functions-js@2.4.3", "", { "dependencies": { "@supabase/node-fetch": "^2.6.14" } }, ""],

    "@supabase/node-fetch": ["@supabase/node-fetch@2.6.15", "", { "dependencies": { "whatwg-url": "^5.0.0" } }, ""],

    "@supabase/postgrest-js": ["@supabase/postgrest-js@1.16.3", "", { "dependencies": { "@supabase/node-fetch": "^2.6.14" } }, ""],

    "@supabase/realtime-js": ["@supabase/realtime-js@2.10.9", "", { "dependencies": { "@supabase/node-fetch": "^2.6.14", "@types/phoenix": "^1.5.4", "@types/ws": "^8.5.10", "ws": "^8.18.0" } }, ""],

    "@supabase/storage-js": ["@supabase/storage-js@2.7.1", "", { "dependencies": { "@supabase/node-fetch": "^2.6.14" } }, ""],

    "@supabase/supabase-js": ["@supabase/supabase-js@2.46.2", "", { "dependencies": { "@supabase/auth-js": "2.65.1", "@supabase/functions-js": "2.4.3", "@supabase/node-fetch": "2.6.15", "@supabase/postgrest-js": "1.16.3", "@supabase/realtime-js": "2.10.9", "@supabase/storage-js": "2.7.1" } }, ""],

    "@types/dotenv": ["@types/dotenv@6.1.1", "", { "dependencies": { "@types/node": "*" } }, ""],

    "@types/ioredis": ["@types/ioredis@4.28.10", "", { "dependencies": { "@types/node": "*" } }, "sha512-69LyhUgrXdgcNDv7ogs1qXZomnfOEnSmrmMFqKgt1XMJxmoOSG/u3wYy13yACIfKuMJ8IhKgHafDO3sx19zVQQ=="],

    "@types/json-schema": ["@types/json-schema@7.0.15", "", {}, ""],

    "@types/jsonwebtoken": ["@types/jsonwebtoken@9.0.7", "", { "dependencies": { "@types/node": "*" } }, "sha512-ugo316mmTYBl2g81zDFnZ7cfxlut3o+/EQdaP7J8QN2kY6lJ22hmQYCK5EHcJHbrW+dkCGSCPgbG8JtYj6qSrg=="],

    "@types/linkify-it": ["@types/linkify-it@5.0.0", "", {}, "sha512-sVDA58zAw4eWAffKOaQH5/5j3XeayukzDk+ewSsnv3p4yJEZHCCzMDiZM8e0OUrRvmpGZ85jf4yDHkHsgBNr9Q=="],

    "@types/markdown-it": ["@types/markdown-it@14.1.2", "", { "dependencies": { "@types/linkify-it": "^5", "@types/mdurl": "^2" } }, "sha512-promo4eFwuiW+TfGxhi+0x3czqTYJkG8qB17ZUJiVF10Xm7NLVRSLUsfRTU/6h1e24VvRnXCx+hG7li58lkzog=="],

    "@types/mdurl": ["@types/mdurl@2.0.0", "", {}, "sha512-RGdgjQUZba5p6QEFAVx2OGb8rQDL/cPRG7GiedRzMcJ1tYnUANBncjbSB1NRGwbvjcPeikRABz2nshyPk1bhWg=="],

    "@types/node": ["@types/node@20.17.9", "", { "dependencies": { "undici-types": "~6.19.2" } }, ""],

    "@types/node-fetch": ["@types/node-fetch@2.6.12", "", { "dependencies": { "@types/node": "*", "form-data": "^4.0.0" } }, ""],

    "@types/nodemailer": ["@types/nodemailer@6.4.17", "", { "dependencies": { "@types/node": "*" } }, ""],

    "@types/phoenix": ["@types/phoenix@1.6.6", "", {}, ""],

    "@types/semver": ["@types/semver@7.5.8", "", {}, ""],

    "@types/ws": ["@types/ws@8.5.13", "", { "dependencies": { "@types/node": "*" } }, ""],

    "@typescript-eslint/eslint-plugin": ["@typescript-eslint/eslint-plugin@6.21.0", "", { "dependencies": { "@eslint-community/regexpp": "^4.5.1", "@typescript-eslint/scope-manager": "6.21.0", "@typescript-eslint/type-utils": "6.21.0", "@typescript-eslint/utils": "6.21.0", "@typescript-eslint/visitor-keys": "6.21.0", "debug": "^4.3.4", "graphemer": "^1.4.0", "ignore": "^5.2.4", "natural-compare": "^1.4.0", "semver": "^7.5.4", "ts-api-utils": "^1.0.1" }, "peerDependencies": { "@typescript-eslint/parser": "^6.0.0 || ^6.0.0-alpha", "eslint": "^7.0.0 || ^8.0.0" } }, ""],

    "@typescript-eslint/parser": ["@typescript-eslint/parser@6.21.0", "", { "dependencies": { "@typescript-eslint/scope-manager": "6.21.0", "@typescript-eslint/types": "6.21.0", "@typescript-eslint/typescript-estree": "6.21.0", "@typescript-eslint/visitor-keys": "6.21.0", "debug": "^4.3.4" }, "peerDependencies": { "eslint": "^7.0.0 || ^8.0.0" } }, ""],

    "@typescript-eslint/scope-manager": ["@typescript-eslint/scope-manager@6.21.0", "", { "dependencies": { "@typescript-eslint/types": "6.21.0", "@typescript-eslint/visitor-keys": "6.21.0" } }, ""],

    "@typescript-eslint/type-utils": ["@typescript-eslint/type-utils@6.21.0", "", { "dependencies": { "@typescript-eslint/typescript-estree": "6.21.0", "@typescript-eslint/utils": "6.21.0", "debug": "^4.3.4", "ts-api-utils": "^1.0.1" }, "peerDependencies": { "eslint": "^7.0.0 || ^8.0.0" } }, ""],

    "@typescript-eslint/types": ["@typescript-eslint/types@6.21.0", "", {}, ""],

    "@typescript-eslint/typescript-estree": ["@typescript-eslint/typescript-estree@6.21.0", "", { "dependencies": { "@typescript-eslint/types": "6.21.0", "@typescript-eslint/visitor-keys": "6.21.0", "debug": "^4.3.4", "globby": "^11.1.0", "is-glob": "^4.0.3", "minimatch": "9.0.3", "semver": "^7.5.4", "ts-api-utils": "^1.0.1" } }, ""],

    "@typescript-eslint/utils": ["@typescript-eslint/utils@6.21.0", "", { "dependencies": { "@eslint-community/eslint-utils": "^4.4.0", "@types/json-schema": "^7.0.12", "@types/semver": "^7.5.0", "@typescript-eslint/scope-manager": "6.21.0", "@typescript-eslint/types": "6.21.0", "@typescript-eslint/typescript-estree": "6.21.0", "semver": "^7.5.4" }, "peerDependencies": { "eslint": "^7.0.0 || ^8.0.0" } }, ""],

    "@typescript-eslint/visitor-keys": ["@typescript-eslint/visitor-keys@6.21.0", "", { "dependencies": { "@typescript-eslint/types": "6.21.0", "eslint-visitor-keys": "^3.4.1" } }, ""],

    "@ungap/structured-clone": ["@ungap/structured-clone@1.2.0", "", {}, ""],

    "abort-controller": ["abort-controller@3.0.0", "", { "dependencies": { "event-target-shim": "^5.0.0" } }, ""],

    "acorn": ["acorn@8.14.0", "", { "bin": "bin/acorn" }, ""],

    "acorn-jsx": ["acorn-jsx@5.3.2", "", { "peerDependencies": { "acorn": "^6.0.0 || ^7.0.0 || ^8.0.0" } }, ""],

    "agentkeepalive": ["agentkeepalive@4.5.0", "", { "dependencies": { "humanize-ms": "^1.2.1" } }, ""],

    "ajv": ["ajv@6.12.6", "", { "dependencies": { "fast-deep-equal": "^3.1.1", "fast-json-stable-stringify": "^2.0.0", "json-schema-traverse": "^0.4.1", "uri-js": "^4.2.2" } }, ""],

    "ansi-regex": ["ansi-regex@5.0.1", "", {}, ""],

    "ansi-styles": ["ansi-styles@4.3.0", "", { "dependencies": { "color-convert": "^2.0.1" } }, ""],

    "argparse": ["argparse@2.0.1", "", {}, ""],

    "array-union": ["array-union@2.1.0", "", {}, ""],

    "asynckit": ["asynckit@0.4.0", "", {}, ""],

    "balanced-match": ["balanced-match@1.0.2", "", {}, ""],

    "brace-expansion": ["brace-expansion@1.1.11", "", { "dependencies": { "balanced-match": "^1.0.0", "concat-map": "0.0.1" } }, ""],

    "braces": ["braces@3.0.3", "", { "dependencies": { "fill-range": "^7.1.1" } }, ""],

    "buffer-equal-constant-time": ["buffer-equal-constant-time@1.0.1", "", {}, "sha512-zRpUiDwd/xk6ADqPMATG8vc9VPrkck7T07OIx0gnjmJAnHnTVXNQG3vfvWNuiZIkwu9KrKdA1iJKfsfTVxE6NA=="],

    "bun-types": ["bun-types@1.1.38", "", { "dependencies": { "@types/node": "~20.12.8", "@types/ws": "~8.5.10" } }, "sha512-iglB2t9z1Hc6DIuwwscwWj/csx22QlCZ96QbcqQfiy1wmuZ38srQLI/fDVkFHAo2+KL7aJZGVWF+nAWrR6Njig=="],

    "callsites": ["callsites@3.1.0", "", {}, ""],

    "chalk": ["chalk@4.1.2", "", { "dependencies": { "ansi-styles": "^4.1.0", "supports-color": "^7.1.0" } }, ""],

    "cluster-key-slot": ["cluster-key-slot@1.1.2", "", {}, "sha512-RMr0FhtfXemyinomL4hrWcYJxmX6deFdCxpJzhDttxgO1+bcCnkk+9drydLVDmAMG7NE6aN/fl4F7ucU/90gAA=="],

    "color-convert": ["color-convert@2.0.1", "", { "dependencies": { "color-name": "~1.1.4" } }, ""],

    "color-name": ["color-name@1.1.4", "", {}, ""],

    "combined-stream": ["combined-stream@1.0.8", "", { "dependencies": { "delayed-stream": "~1.0.0" } }, ""],

    "concat-map": ["concat-map@0.0.1", "", {}, ""],

    "cross-spawn": ["cross-spawn@7.0.6", "", { "dependencies": { "path-key": "^3.1.0", "shebang-command": "^2.0.0", "which": "^2.0.1" } }, ""],

    "date-fns": ["date-fns@4.1.0", "", {}, ""],

    "debug": ["debug@4.3.7", "", { "dependencies": { "ms": "^2.1.3" } }, ""],

    "deep-is": ["deep-is@0.1.4", "", {}, ""],

    "delayed-stream": ["delayed-stream@1.0.0", "", {}, ""],

    "denque": ["denque@2.1.0", "", {}, "sha512-HVQE3AAb/pxF8fQAoiqpvg9i3evqug3hoiwakOyZAwJm+6vZehbkYXZ0l4JxS+I3QxM97v5aaRNhj8v5oBhekw=="],

    "dir-glob": ["dir-glob@3.0.1", "", { "dependencies": { "path-type": "^4.0.0" } }, ""],

    "doctrine": ["doctrine@3.0.0", "", { "dependencies": { "esutils": "^2.0.2" } }, ""],

    "dotenv": ["dotenv@16.4.5", "", {}, ""],

    "ecdsa-sig-formatter": ["ecdsa-sig-formatter@1.0.11", "", { "dependencies": { "safe-buffer": "^5.0.1" } }, "sha512-nagl3RYrbNv6kQkeJIpt6NJZy8twLB/2vtz6yN9Z4vRKHN4/QZJIEbqohALSgwKdnksuY3k5Addp5lg8sVoVcQ=="],

    "entities": ["entities@4.5.0", "", {}, "sha512-V0hjH4dGPh9Ao5p0MoRY6BVqtwCjhz6vI5LT8AJ55H+4g9/4vbHx1I54fS0XuclLhDHArPQCiMjDxjaL8fPxhw=="],

    "escape-string-regexp": ["escape-string-regexp@4.0.0", "", {}, ""],

    "eslint": ["eslint@8.57.1", "", { "dependencies": { "@eslint-community/eslint-utils": "^4.2.0", "@eslint-community/regexpp": "^4.6.1", "@eslint/eslintrc": "^2.1.4", "@eslint/js": "8.57.1", "@humanwhocodes/config-array": "^0.13.0", "@humanwhocodes/module-importer": "^1.0.1", "@nodelib/fs.walk": "^1.2.8", "@ungap/structured-clone": "^1.2.0", "ajv": "^6.12.4", "chalk": "^4.0.0", "cross-spawn": "^7.0.2", "debug": "^4.3.2", "doctrine": "^3.0.0", "escape-string-regexp": "^4.0.0", "eslint-scope": "^7.2.2", "eslint-visitor-keys": "^3.4.3", "espree": "^9.6.1", "esquery": "^1.4.2", "esutils": "^2.0.2", "fast-deep-equal": "^3.1.3", "file-entry-cache": "^6.0.1", "find-up": "^5.0.0", "glob-parent": "^6.0.2", "globals": "^13.19.0", "graphemer": "^1.4.0", "ignore": "^5.2.0", "imurmurhash": "^0.1.4", "is-glob": "^4.0.0", "is-path-inside": "^3.0.3", "js-yaml": "^4.1.0", "json-stable-stringify-without-jsonify": "^1.0.1", "levn": "^0.4.1", "lodash.merge": "^4.6.2", "minimatch": "^3.1.2", "natural-compare": "^1.4.0", "optionator": "^0.9.3", "strip-ansi": "^6.0.1", "text-table": "^0.2.0" }, "bin": "bin/eslint.js" }, ""],

    "eslint-config-prettier": ["eslint-config-prettier@9.1.0", "", { "peerDependencies": { "eslint": ">=7.0.0" }, "bin": "bin/cli.js" }, ""],

    "eslint-plugin-prettier": ["eslint-plugin-prettier@5.2.1", "", { "dependencies": { "prettier-linter-helpers": "^1.0.0", "synckit": "^0.9.1" }, "peerDependencies": { "@types/eslint": ">=8.0.0", "eslint": ">=8.0.0", "eslint-config-prettier": "*", "prettier": ">=3.0.0" }, "optionalPeers": ["@types/eslint"] }, ""],

    "eslint-scope": ["eslint-scope@7.2.2", "", { "dependencies": { "esrecurse": "^4.3.0", "estraverse": "^5.2.0" } }, ""],

    "eslint-visitor-keys": ["eslint-visitor-keys@3.4.3", "", {}, ""],

    "espree": ["espree@9.6.1", "", { "dependencies": { "acorn": "^8.9.0", "acorn-jsx": "^5.3.2", "eslint-visitor-keys": "^3.4.1" } }, ""],

    "esprima": ["esprima@4.0.1", "", { "bin": { "esparse": "bin/esparse.js", "esvalidate": "bin/esvalidate.js" } }, "sha512-eGuFFw7Upda+g4p+QHvnW0RyTX/SVeJBDM/gCtMARO0cLuT2HcEKnTPvhjV6aGeqrCB/sbNop0Kszm0jsaWU4A=="],

    "esquery": ["esquery@1.6.0", "", { "dependencies": { "estraverse": "^5.1.0" } }, ""],

    "esrecurse": ["esrecurse@4.3.0", "", { "dependencies": { "estraverse": "^5.2.0" } }, ""],

    "estraverse": ["estraverse@5.3.0", "", {}, ""],

    "esutils": ["esutils@2.0.3", "", {}, ""],

    "event-target-shim": ["event-target-shim@5.0.1", "", {}, ""],

    "extend-shallow": ["extend-shallow@2.0.1", "", { "dependencies": { "is-extendable": "^0.1.0" } }, "sha512-zCnTtlxNoAiDc3gqY2aYAWFx7XWWiasuF2K8Me5WbN8otHKTUKBwjPtNpRs/rbUZm7KxWAaNj7P1a/p52GbVug=="],

    "fast-deep-equal": ["fast-deep-equal@3.1.3", "", {}, ""],

    "fast-diff": ["fast-diff@1.3.0", "", {}, ""],

    "fast-glob": ["fast-glob@3.3.2", "", { "dependencies": { "@nodelib/fs.stat": "^2.0.2", "@nodelib/fs.walk": "^1.2.3", "glob-parent": "^5.1.2", "merge2": "^1.3.0", "micromatch": "^4.0.4" } }, ""],

    "fast-json-stable-stringify": ["fast-json-stable-stringify@2.1.0", "", {}, ""],

    "fast-levenshtein": ["fast-levenshtein@2.0.6", "", {}, ""],

    "fastq": ["fastq@1.17.1", "", { "dependencies": { "reusify": "^1.0.4" } }, ""],

    "file-entry-cache": ["file-entry-cache@6.0.1", "", { "dependencies": { "flat-cache": "^3.0.4" } }, ""],

    "fill-range": ["fill-range@7.1.1", "", { "dependencies": { "to-regex-range": "^5.0.1" } }, ""],

    "find-up": ["find-up@5.0.0", "", { "dependencies": { "locate-path": "^6.0.0", "path-exists": "^4.0.0" } }, ""],

    "flat-cache": ["flat-cache@3.2.0", "", { "dependencies": { "flatted": "^3.2.9", "keyv": "^4.5.3", "rimraf": "^3.0.2" } }, ""],

    "flatted": ["flatted@3.3.2", "", {}, ""],

    "form-data": ["form-data@4.0.1", "", { "dependencies": { "asynckit": "^0.4.0", "combined-stream": "^1.0.8", "mime-types": "^2.1.12" } }, ""],

    "form-data-encoder": ["form-data-encoder@1.7.2", "", {}, ""],

    "formdata-node": ["formdata-node@4.4.1", "", { "dependencies": { "node-domexception": "1.0.0", "web-streams-polyfill": "4.0.0-beta.3" } }, ""],

    "fs.realpath": ["fs.realpath@1.0.0", "", {}, ""],

    "glob": ["glob@7.2.3", "", { "dependencies": { "fs.realpath": "^1.0.0", "inflight": "^1.0.4", "inherits": "2", "minimatch": "^3.1.1", "once": "^1.3.0", "path-is-absolute": "^1.0.0" } }, ""],

    "glob-parent": ["glob-parent@6.0.2", "", { "dependencies": { "is-glob": "^4.0.3" } }, ""],

    "globals": ["globals@13.24.0", "", { "dependencies": { "type-fest": "^0.20.2" } }, ""],

    "globby": ["globby@11.1.0", "", { "dependencies": { "array-union": "^2.1.0", "dir-glob": "^3.0.1", "fast-glob": "^3.2.9", "ignore": "^5.2.0", "merge2": "^1.4.1", "slash": "^3.0.0" } }, ""],

    "graphemer": ["graphemer@1.4.0", "", {}, ""],

    "gray-matter": ["gray-matter@4.0.3", "", { "dependencies": { "js-yaml": "^3.13.1", "kind-of": "^6.0.2", "section-matter": "^1.0.0", "strip-bom-string": "^1.0.0" } }, "sha512-5v6yZd4JK3eMI3FqqCouswVqwugaA9r4dNZB1wwcmrD02QkV5H0y7XBQW8QwQqEaZY1pM9aqORSORhJRdNK44Q=="],

    "has-flag": ["has-flag@4.0.0", "", {}, ""],

    "hono": ["hono@3.12.12", "", {}, ""],

    "humanize-ms": ["humanize-ms@1.2.1", "", { "dependencies": { "ms": "^2.0.0" } }, ""],

    "ignore": ["ignore@5.3.2", "", {}, ""],

    "import-fresh": ["import-fresh@3.3.0", "", { "dependencies": { "parent-module": "^1.0.0", "resolve-from": "^4.0.0" } }, ""],

    "imurmurhash": ["imurmurhash@0.1.4", "", {}, ""],

    "inflight": ["inflight@1.0.6", "", { "dependencies": { "once": "^1.3.0", "wrappy": "1" } }, ""],

    "inherits": ["inherits@2.0.4", "", {}, ""],

    "ioredis": ["ioredis@5.4.1", "", { "dependencies": { "@ioredis/commands": "^1.1.1", "cluster-key-slot": "^1.1.0", "debug": "^4.3.4", "denque": "^2.1.0", "lodash.defaults": "^4.2.0", "lodash.isarguments": "^3.1.0", "redis-errors": "^1.2.0", "redis-parser": "^3.0.0", "standard-as-callback": "^2.1.0" } }, "sha512-2YZsvl7jopIa1gaePkeMtd9rAcSjOOjPtpcLlOeusyO+XH2SK5ZcT+UCrElPP+WVIInh2TzeI4XW9ENaSLVVHA=="],

    "is-extendable": ["is-extendable@0.1.1", "", {}, "sha512-5BMULNob1vgFX6EjQw5izWDxrecWK9AM72rugNr0TFldMOi0fj6Jk+zeKIt0xGj4cEfQIJth4w3OKWOJ4f+AFw=="],

    "is-extglob": ["is-extglob@2.1.1", "", {}, ""],

    "is-glob": ["is-glob@4.0.3", "", { "dependencies": { "is-extglob": "^2.1.1" } }, ""],

    "is-number": ["is-number@7.0.0", "", {}, ""],

    "is-path-inside": ["is-path-inside@3.0.3", "", {}, ""],

    "isexe": ["isexe@2.0.0", "", {}, ""],

    "js-yaml": ["js-yaml@4.1.0", "", { "dependencies": { "argparse": "^2.0.1" }, "bin": "bin/js-yaml.js" }, ""],

    "json-buffer": ["json-buffer@3.0.1", "", {}, ""],

    "json-schema-traverse": ["json-schema-traverse@0.4.1", "", {}, ""],

    "json-stable-stringify-without-jsonify": ["json-stable-stringify-without-jsonify@1.0.1", "", {}, ""],

    "jsonwebtoken": ["jsonwebtoken@9.0.2", "", { "dependencies": { "jws": "^3.2.2", "lodash.includes": "^4.3.0", "lodash.isboolean": "^3.0.3", "lodash.isinteger": "^4.0.4", "lodash.isnumber": "^3.0.3", "lodash.isplainobject": "^4.0.6", "lodash.isstring": "^4.0.1", "lodash.once": "^4.0.0", "ms": "^2.1.1", "semver": "^7.5.4" } }, "sha512-PRp66vJ865SSqOlgqS8hujT5U4AOgMfhrwYIuIhfKaoSCZcirrmASQr8CX7cUg+RMih+hgznrjp99o+W4pJLHQ=="],

    "jwa": ["jwa@1.4.1", "", { "dependencies": { "buffer-equal-constant-time": "1.0.1", "ecdsa-sig-formatter": "1.0.11", "safe-buffer": "^5.0.1" } }, "sha512-qiLX/xhEEFKUAJ6FiBMbes3w9ATzyk5W7Hvzpa/SLYdxNtng+gcurvrI7TbACjIXlsJyr05/S1oUhZrc63evQA=="],

    "jws": ["jws@3.2.2", "", { "dependencies": { "jwa": "^1.4.1", "safe-buffer": "^5.0.1" } }, "sha512-YHlZCB6lMTllWDtSPHz/ZXTsi8S00usEV6v1tjq8tOUZzw7DpSDWVXjXDre6ed1w/pd495ODpHZYSdkRTsa0HA=="],

    "keyv": ["keyv@4.5.4", "", { "dependencies": { "json-buffer": "3.0.1" } }, ""],

    "kind-of": ["kind-of@6.0.3", "", {}, "sha512-dcS1ul+9tmeD95T+x28/ehLgd9mENa3LsvDTtzm3vyBEO7RPptvAD+t44WVXaUjTBRcrpFeFlC8WCruUR456hw=="],

    "levn": ["levn@0.4.1", "", { "dependencies": { "prelude-ls": "^1.2.1", "type-check": "~0.4.0" } }, ""],

    "linkify-it": ["linkify-it@5.0.0", "", { "dependencies": { "uc.micro": "^2.0.0" } }, "sha512-5aHCbzQRADcdP+ATqnDuhhJ/MRIqDkZX5pyjFHRRysS8vZ5AbqGEoFIb6pYHPZ+L/OC2Lc+xT8uHVVR5CAK/wQ=="],

    "locate-path": ["locate-path@6.0.0", "", { "dependencies": { "p-locate": "^5.0.0" } }, ""],

    "lodash.defaults": ["lodash.defaults@4.2.0", "", {}, "sha512-qjxPLHd3r5DnsdGacqOMU6pb/avJzdh9tFX2ymgoZE27BmjXrNy/y4LoaiTeAb+O3gL8AfpJGtqfX/ae2leYYQ=="],

    "lodash.includes": ["lodash.includes@4.3.0", "", {}, "sha512-W3Bx6mdkRTGtlJISOvVD/lbqjTlPPUDTMnlXZFnVwi9NKJ6tiAk6LVdlhZMm17VZisqhKcgzpO5Wz91PCt5b0w=="],

    "lodash.isarguments": ["lodash.isarguments@3.1.0", "", {}, "sha512-chi4NHZlZqZD18a0imDHnZPrDeBbTtVN7GXMwuGdRH9qotxAjYs3aVLKc7zNOG9eddR5Ksd8rvFEBc9SsggPpg=="],

    "lodash.isboolean": ["lodash.isboolean@3.0.3", "", {}, "sha512-Bz5mupy2SVbPHURB98VAcw+aHh4vRV5IPNhILUCsOzRmsTmSQ17jIuqopAentWoehktxGd9e/hbIXq980/1QJg=="],

    "lodash.isinteger": ["lodash.isinteger@4.0.4", "", {}, "sha512-DBwtEWN2caHQ9/imiNeEA5ys1JoRtRfY3d7V9wkqtbycnAmTvRRmbHKDV4a0EYc678/dia0jrte4tjYwVBaZUA=="],

    "lodash.isnumber": ["lodash.isnumber@3.0.3", "", {}, "sha512-QYqzpfwO3/CWf3XP+Z+tkQsfaLL/EnUlXWVkIk5FUPc4sBdTehEqZONuyRt2P67PXAk+NXmTBcc97zw9t1FQrw=="],

    "lodash.isplainobject": ["lodash.isplainobject@4.0.6", "", {}, "sha512-oSXzaWypCMHkPC3NvBEaPHf0KsA5mvPrOPgQWDsbg8n7orZ290M0BmC/jgRZ4vcJ6DTAhjrsSYgdsW/F+MFOBA=="],

    "lodash.isstring": ["lodash.isstring@4.0.1", "", {}, "sha512-0wJxfxH1wgO3GrbuP+dTTk7op+6L41QCXbGINEmD+ny/G/eCqGzxyCsh7159S+mgDDcoarnBw6PC1PS5+wUGgw=="],

    "lodash.merge": ["lodash.merge@4.6.2", "", {}, ""],

    "lodash.once": ["lodash.once@4.1.1", "", {}, "sha512-Sb487aTOCr9drQVL8pIxOzVhafOjZN9UU54hiN8PU3uAiSV7lx1yYNpbNmex2PK6dSJoNTSJUUswT651yww3Mg=="],

    "markdown-it": ["markdown-it@14.1.0", "", { "dependencies": { "argparse": "^2.0.1", "entities": "^4.4.0", "linkify-it": "^5.0.0", "mdurl": "^2.0.0", "punycode.js": "^2.3.1", "uc.micro": "^2.1.0" }, "bin": "bin/markdown-it.mjs" }, "sha512-a54IwgWPaeBCAAsv13YgmALOF1elABB08FxO9i+r4VFk5Vl4pKokRPeX8u5TCgSsPi6ec1otfLjdOpVcgbpshg=="],

    "mdurl": ["mdurl@2.0.0", "", {}, "sha512-Lf+9+2r+Tdp5wXDXC4PcIBjTDtq4UKjCPMQhKIuzpJNW0b96kVqSwW0bT7FhRSfmAiFYgP+SCRvdrDozfh0U5w=="],

    "merge2": ["merge2@1.4.1", "", {}, ""],

    "micromatch": ["micromatch@4.0.8", "", { "dependencies": { "braces": "^3.0.3", "picomatch": "^2.3.1" } }, ""],

    "mime-db": ["mime-db@1.52.0", "", {}, ""],

    "mime-types": ["mime-types@2.1.35", "", { "dependencies": { "mime-db": "1.52.0" } }, ""],

    "minimatch": ["minimatch@3.1.2", "", { "dependencies": { "brace-expansion": "^1.1.7" } }, ""],

    "ms": ["ms@2.1.3", "", {}, ""],

    "natural-compare": ["natural-compare@1.4.0", "", {}, ""],

    "node-domexception": ["node-domexception@1.0.0", "", {}, ""],

    "node-fetch": ["node-fetch@2.7.0", "", { "dependencies": { "whatwg-url": "^5.0.0" }, "peerDependencies": { "encoding": "^0.1.0" }, "optionalPeers": ["encoding"] }, ""],

    "nodemailer": ["nodemailer@6.9.16", "", {}, ""],

    "once": ["once@1.4.0", "", { "dependencies": { "wrappy": "1" } }, ""],

    "openai": ["openai@4.73.1", "", { "dependencies": { "@types/node": "^18.11.18", "@types/node-fetch": "^2.6.4", "abort-controller": "^3.0.0", "agentkeepalive": "^4.2.1", "form-data-encoder": "1.7.2", "formdata-node": "^4.3.2", "node-fetch": "^2.6.7" }, "peerDependencies": { "zod": "^3.23.8" }, "bin": "bin/cli" }, ""],

    "openapi3-ts": ["openapi3-ts@4.4.0", "", { "dependencies": { "yaml": "^2.5.0" } }, ""],

    "optionator": ["optionator@0.9.4", "", { "dependencies": { "deep-is": "^0.1.3", "fast-levenshtein": "^2.0.6", "levn": "^0.4.1", "prelude-ls": "^1.2.1", "type-check": "^0.4.0", "word-wrap": "^1.2.5" } }, ""],

    "p-limit": ["p-limit@3.1.0", "", { "dependencies": { "yocto-queue": "^0.1.0" } }, ""],

    "p-locate": ["p-locate@5.0.0", "", { "dependencies": { "p-limit": "^3.0.2" } }, ""],

    "parent-module": ["parent-module@1.0.1", "", { "dependencies": { "callsites": "^3.0.0" } }, ""],

    "path-exists": ["path-exists@4.0.0", "", {}, ""],

    "path-is-absolute": ["path-is-absolute@1.0.1", "", {}, ""],

    "path-key": ["path-key@3.1.1", "", {}, ""],

    "path-type": ["path-type@4.0.0", "", {}, ""],

    "picomatch": ["picomatch@2.3.1", "", {}, ""],

    "prelude-ls": ["prelude-ls@1.2.1", "", {}, ""],

    "prettier": ["prettier@3.4.1", "", { "bin": "bin/prettier.cjs" }, ""],

    "prettier-linter-helpers": ["prettier-linter-helpers@1.0.0", "", { "dependencies": { "fast-diff": "^1.1.2" } }, ""],

    "punycode": ["punycode@2.3.1", "", {}, ""],

    "punycode.js": ["punycode.js@2.3.1", "", {}, "sha512-uxFIHU0YlHYhDQtV4R9J6a52SLx28BCjT+4ieh7IGbgwVJWO+km431c4yRlREUAsAmt/uMjQUyQHNEPf0M39CA=="],

    "queue-microtask": ["queue-microtask@1.2.3", "", {}, ""],

    "redis-errors": ["redis-errors@1.2.0", "", {}, "sha512-1qny3OExCf0UvUV/5wpYKf2YwPcOqXzkwKKSmKHiE6ZMQs5heeE/c8eXK+PNllPvmjgAbfnsbpkGZWy8cBpn9w=="],

    "redis-parser": ["redis-parser@3.0.0", "", { "dependencies": { "redis-errors": "^1.0.0" } }, "sha512-DJnGAeenTdpMEH6uAJRK/uiyEIH9WVsUmoLwzudwGJUwZPp80PDBWPHXSAGNPwNvIXAbe7MSUB1zQFugFml66A=="],

    "resolve-from": ["resolve-from@4.0.0", "", {}, ""],

    "reusify": ["reusify@1.0.4", "", {}, ""],

    "rimraf": ["rimraf@3.0.2", "", { "dependencies": { "glob": "^7.1.3" }, "bin": "bin.js" }, ""],

    "run-parallel": ["run-parallel@1.2.0", "", { "dependencies": { "queue-microtask": "^1.2.2" } }, ""],

    "safe-buffer": ["safe-buffer@5.2.1", "", {}, "sha512-rp3So07KcdmmKbGvgaNxQSJr7bGVSVk5S9Eq1F+ppbRo70+YeaDxkw5Dd8NPN+GD6bjnYm2VuPuCXmpuYvmCXQ=="],

    "section-matter": ["section-matter@1.0.0", "", { "dependencies": { "extend-shallow": "^2.0.1", "kind-of": "^6.0.0" } }, "sha512-vfD3pmTzGpufjScBh50YHKzEu2lxBWhVEHsNGoEXmCmn2hKGfeNLYMzCJpe8cD7gqX7TJluOVpBkAequ6dgMmA=="],

    "semver": ["semver@7.6.3", "", { "bin": "bin/semver.js" }, ""],

    "shebang-command": ["shebang-command@2.0.0", "", { "dependencies": { "shebang-regex": "^3.0.0" } }, ""],

    "shebang-regex": ["shebang-regex@3.0.0", "", {}, ""],

    "slash": ["slash@3.0.0", "", {}, ""],

    "sprintf-js": ["sprintf-js@1.0.3", "", {}, "sha512-D9cPgkvLlV3t3IzL0D0YLvGA9Ahk4PcvVwUbN0dSGr1aP0Nrt4AEnTUbuGvquEC0mA64Gqt1fzirlRs5ibXx8g=="],

    "standard-as-callback": ["standard-as-callback@2.1.0", "", {}, "sha512-qoRRSyROncaz1z0mvYqIE4lCd9p2R90i6GxW3uZv5ucSu8tU7B5HXUP1gG8pVZsYNVaXjk8ClXHPttLyxAL48A=="],

    "strip-ansi": ["strip-ansi@6.0.1", "", { "dependencies": { "ansi-regex": "^5.0.1" } }, ""],

    "strip-bom-string": ["strip-bom-string@1.0.0", "", {}, "sha512-uCC2VHvQRYu+lMh4My/sFNmF2klFymLX1wHJeXnbEJERpV/ZsVuonzerjfrGpIGF7LBVa1O7i9kjiWvJiFck8g=="],

    "strip-json-comments": ["strip-json-comments@3.1.1", "", {}, ""],

    "supports-color": ["supports-color@7.2.0", "", { "dependencies": { "has-flag": "^4.0.0" } }, ""],

    "synckit": ["synckit@0.9.2", "", { "dependencies": { "@pkgr/core": "^0.1.0", "tslib": "^2.6.2" } }, ""],

    "text-table": ["text-table@0.2.0", "", {}, ""],

    "to-regex-range": ["to-regex-range@5.0.1", "", { "dependencies": { "is-number": "^7.0.0" } }, ""],

    "tr46": ["tr46@0.0.3", "", {}, ""],

    "ts-api-utils": ["ts-api-utils@1.4.2", "", { "peerDependencies": { "typescript": ">=4.2.0" } }, ""],

    "tslib": ["tslib@2.8.1", "", {}, ""],

    "type-check": ["type-check@0.4.0", "", { "dependencies": { "prelude-ls": "^1.2.1" } }, ""],

    "type-fest": ["type-fest@0.20.2", "", {}, ""],

    "typescript": ["typescript@5.7.2", "", { "bin": { "tsc": "bin/tsc", "tsserver": "bin/tsserver" } }, ""],

    "uc.micro": ["uc.micro@2.1.0", "", {}, "sha512-ARDJmphmdvUk6Glw7y9DQ2bFkKBHwQHLi2lsaH6PPmz/Ka9sFOBsBluozhDltWmnv9u/cF6Rt87znRTPV+yp/A=="],

    "undici-types": ["undici-types@6.19.8", "", {}, ""],

    "uri-js": ["uri-js@4.4.1", "", { "dependencies": { "punycode": "^2.1.0" } }, ""],

    "web-streams-polyfill": ["web-streams-polyfill@4.0.0-beta.3", "", {}, ""],

    "webidl-conversions": ["webidl-conversions@3.0.1", "", {}, ""],

    "whatwg-url": ["whatwg-url@5.0.0", "", { "dependencies": { "tr46": "~0.0.3", "webidl-conversions": "^3.0.0" } }, ""],

    "which": ["which@2.0.2", "", { "dependencies": { "isexe": "^2.0.0" }, "bin": { "node-which": "bin/node-which" } }, ""],

    "word-wrap": ["word-wrap@1.2.5", "", {}, ""],

    "wrappy": ["wrappy@1.0.2", "", {}, ""],

    "ws": ["ws@8.18.0", "", { "peerDependencies": { "bufferutil": "^4.0.1", "utf-8-validate": ">=5.0.2" }, "optionalPeers": ["bufferutil", "utf-8-validate"] }, ""],

    "yaml": ["yaml@2.6.1", "", { "bin": "bin.mjs" }, ""],

    "yocto-queue": ["yocto-queue@0.1.0", "", {}, ""],

    "zod": ["zod@3.23.8", "", {}, ""],

    "@anthropic-ai/sdk/@types/node": ["@types/node@18.19.67", "", { "dependencies": { "undici-types": "~5.26.4" } }, ""],

    "@hono/zod-openapi/@hono/zod-validator": ["@hono/zod-validator@0.4.1", "", { "peerDependencies": { "hono": ">=3.9.0", "zod": "^3.19.1" } }, ""],

    "@typescript-eslint/typescript-estree/minimatch": ["minimatch@9.0.3", "", { "dependencies": { "brace-expansion": "^2.0.1" } }, ""],

    "bun-types/@types/node": ["@types/node@20.12.14", "", { "dependencies": { "undici-types": "~5.26.4" } }, ""],

    "fast-glob/glob-parent": ["glob-parent@5.1.2", "", { "dependencies": { "is-glob": "^4.0.1" } }, ""],

    "gray-matter/js-yaml": ["js-yaml@3.14.1", "", { "dependencies": { "argparse": "^1.0.7", "esprima": "^4.0.0" }, "bin": "bin/js-yaml.js" }, "sha512-okMH7OXXJ7YrN9Ok3/SXrnu4iX9yOk+25nqX4imS2npuvTYDmo/QEZoqwZkYaIDk3jVvBOTOIEgEhaLOynBS9g=="],

    "openai/@types/node": ["@types/node@18.19.67", "", { "dependencies": { "undici-types": "~5.26.4" } }, ""],

    "@anthropic-ai/sdk/@types/node/undici-types": ["undici-types@5.26.5", "", {}, ""],

    "@typescript-eslint/typescript-estree/minimatch/brace-expansion": ["brace-expansion@2.0.1", "", { "dependencies": { "balanced-match": "^1.0.0" } }, ""],

    "bun-types/@types/node/undici-types": ["undici-types@5.26.5", "", {}, ""],

    "gray-matter/js-yaml/argparse": ["argparse@1.0.10", "", { "dependencies": { "sprintf-js": "~1.0.2" } }, "sha512-o5Roy6tNG4SL/FOkCAN6RzjiakZS25RLYFrcMttJqbdd8BWrnA+fGz57iN5Pb06pvBGvl5gQ0B48dJlslXvoTg=="],

    "openai/@types/node/undici-types": ["undici-types@5.26.5", "", {}, ""],
  }
}
